version = 1
revision = 3
requires-python = ">=3.13"

[[package]]
name = "click"
version = "8.2.1"
source = { registry = "https://pypi.org/simple" }
dependencies = [
    { name = "colorama", marker = "sys_platform == 'win32'" },
]
sdist = { url = "https://files.pythonhosted.org/packages/60/6c/8ca2efa64cf75a977a0d7fac081354553ebe483345c734fb6b6515d96bbc/click-8.2.1.tar.gz", hash = "sha256:27c491cc05d968d271d5a1db13e3b5a184636d9d930f148c50b038f0d0646202", size = 286342, upload-time = "2025-05-20T23:19:49.832Z" }
wheels = [
    { url = "https://files.pythonhosted.org/packages/85/32/10bb5764d90a8eee674e9dc6f4db6a0ab47c8c4d0d83c27f7c39ac415a4d/click-8.2.1-py3-none-any.whl", hash = "sha256:61a3265b914e850b85317d0b3109c7f8cd35a670f963866005d6ef1d5175a12b", size = 102215, upload-time = "2025-05-20T23:19:47.796Z" },
]

[[package]]
name = "colorama"
version = "0.4.6"
source = { registry = "https://pypi.org/simple" }
sdist = { url = "https://files.pythonhosted.org/packages/d8/53/6f443c9a4a8358a93a6792e2acffb9d9d5cb0a5cfd8802644b7b1c9a02e4/colorama-0.4.6.tar.gz", hash = "sha256:08695f5cb7ed6e0531a20572697297273c47b8cae5a63ffc6d6ed5c201be6e44", size = 27697, upload-time = "2022-10-25T02:36:22.414Z" }
wheels = [
    { url = "https://files.pythonhosted.org/packages/d1/d6/3965ed04c63042e047cb6a3e6ed1a63a35087b6a609aa3a15ed8ac56c221/colorama-0.4.6-py2.py3-none-any.whl", hash = "sha256:4f1d9991f5acc0ca119f9d443620b77f9d6b33703e51011c16baf57afb285fc6", size = 25335, upload-time = "2022-10-25T02:36:20.889Z" },
]

[[package]]
name = "jmespath"
version = "1.0.1"
source = { registry = "https://pypi.org/simple" }
sdist = { url = "https://files.pythonhosted.org/packages/00/2a/e867e8531cf3e36b41201936b7fa7ba7b5702dbef42922193f05c8976cd6/jmespath-1.0.1.tar.gz", hash = "sha256:90261b206d6defd58fdd5e85f478bf633a2901798906be2ad389150c5c60edbe", size = 25843, upload-time = "2022-06-17T18:00:12.224Z" }
wheels = [
    { url = "https://files.pythonhosted.org/packages/31/b4/b9b800c45527aadd64d5b442f9b932b00648617eb5d63d2c7a6587b7cafc/jmespath-1.0.1-py3-none-any.whl", hash = "sha256:02e2e4cc71b5bcab88332eebf907519190dd9e6e82107fa7f83b1003a6252980", size = 20256, upload-time = "2022-06-17T18:00:10.251Z" },
]

[[package]]
name = "ls-prior"
version = "0.4.7"
source = { editable = "." }

[package.dev-dependencies]
dev = [
    { name = "toml-cli" },
]

[package.metadata]

[package.metadata.requires-dev]
dev = [{ name = "toml-cli", specifier = ">=0.8.2,<0.9" }]

[[package]]
name = "markdown-it-py"
version = "4.0.0"
source = { registry = "https://pypi.org/simple" }
dependencies = [
    { name = "mdurl" },
]
sdist = { url = "https://files.pythonhosted.org/packages/5b/f5/4ec618ed16cc4f8fb3b701563655a69816155e79e24a17b651541804721d/markdown_it_py-4.0.0.tar.gz", hash = "sha256:cb0a2b4aa34f932c007117b194e945bd74e0ec24133ceb5bac59009cda1cb9f3", size = 73070, upload-time = "2025-08-11T12:57:52.854Z" }
wheels = [
    { url = "https://files.pythonhosted.org/packages/94/54/e7d793b573f298e1c9013b8c4dade17d481164aa517d1d7148619c2cedbf/markdown_it_py-4.0.0-py3-none-any.whl", hash = "sha256:87327c59b172c5011896038353a81343b6754500a08cd7a4973bb48c6d578147", size = 87321, upload-time = "2025-08-11T12:57:51.923Z" },
]

[[package]]
name = "mdurl"
version = "0.1.2"
source = { registry = "https://pypi.org/simple" }
sdist = { url = "https://files.pythonhosted.org/packages/d6/54/cfe61301667036ec958cb99bd3efefba235e65cdeb9c84d24a8293ba1d90/mdurl-0.1.2.tar.gz", hash = "sha256:bb413d29f5eea38f31dd4754dd7377d4465116fb207585f97bf925588687c1ba", size = 8729, upload-time = "2022-08-14T12:40:10.846Z" }
wheels = [
    { url = "https://files.pythonhosted.org/packages/b3/38/89ba8ad64ae25be8de66a6d463314cf1eb366222074cfda9ee839c56a4b4/mdurl-0.1.2-py3-none-any.whl", hash = "sha256:84008a41e51615a49fc9966191ff91509e3c40b939176e643fd50a5c2196b8f8", size = 9979, upload-time = "2022-08-14T12:40:09.779Z" },
]

[[package]]
name = "pygments"
version = "2.19.2"
source = { registry = "https://pypi.org/simple" }
sdist = { url = "https://files.pythonhosted.org/packages/b0/77/a5b8c569bf593b0140bde72ea885a803b82086995367bf2037de0159d924/pygments-2.19.2.tar.gz", hash = "sha256:636cb2477cec7f8952536970bc533bc43743542f70392ae026374600add5b887", size = 4968631, upload-time = "2025-06-21T13:39:12.283Z" }
wheels = [
    { url = "https://files.pythonhosted.org/packages/c7/21/705964c7812476f378728bdf590ca4b771ec72385c533964653c68e86bdc/pygments-2.19.2-py3-none-any.whl", hash = "sha256:86540386c03d588bb81d44bc3928634ff26449851e99741617ecb9037ee5ec0b", size = 1225217, upload-time = "2025-06-21T13:39:07.939Z" },
]

[[package]]
name = "regex"
version = "2025.9.1"
source = { registry = "https://pypi.org/simple" }
sdist = { url = "https://files.pythonhosted.org/packages/b2/5a/4c63457fbcaf19d138d72b2e9b39405954f98c0349b31c601bfcb151582c/regex-2025.9.1.tar.gz", hash = "sha256:88ac07b38d20b54d79e704e38aa3bd2c0f8027432164226bdee201a1c0c9c9ff", size = 400852, upload-time = "2025-09-01T22:10:10.479Z" }
wheels = [
    { url = "https://files.pythonhosted.org/packages/98/25/b2959ce90c6138c5142fe5264ee1f9b71a0c502ca4c7959302a749407c79/regex-2025.9.1-cp313-cp313-macosx_10_13_universal2.whl", hash = "sha256:bc6834727d1b98d710a63e6c823edf6ffbf5792eba35d3fa119531349d4142ef", size = 485932, upload-time = "2025-09-01T22:08:57.913Z" },
    { url = "https://files.pythonhosted.org/packages/49/2e/6507a2a85f3f2be6643438b7bd976e67ad73223692d6988eb1ff444106d3/regex-2025.9.1-cp313-cp313-macosx_10_13_x86_64.whl", hash = "sha256:c3dc05b6d579875719bccc5f3037b4dc80433d64e94681a0061845bd8863c025", size = 289568, upload-time = "2025-09-01T22:08:59.258Z" },
    { url = "https://files.pythonhosted.org/packages/c7/d8/de4a4b57215d99868f1640e062a7907e185ec7476b4b689e2345487c1ff4/regex-2025.9.1-cp313-cp313-macosx_11_0_arm64.whl", hash = "sha256:22213527df4c985ec4a729b055a8306272d41d2f45908d7bacb79be0fa7a75ad", size = 286984, upload-time = "2025-09-01T22:09:00.835Z" },
    { url = "https://files.pythonhosted.org/packages/03/15/e8cb403403a57ed316e80661db0e54d7aa2efcd85cb6156f33cc18746922/regex-2025.9.1-cp313-cp313-manylinux2014_aarch64.manylinux_2_17_aarch64.manylinux_2_28_aarch64.whl", hash = "sha256:8e3f6e3c5a5a1adc3f7ea1b5aec89abfc2f4fbfba55dafb4343cd1d084f715b2", size = 797514, upload-time = "2025-09-01T22:09:02.538Z" },
    { url = "https://files.pythonhosted.org/packages/e4/26/2446f2b9585fed61faaa7e2bbce3aca7dd8df6554c32addee4c4caecf24a/regex-2025.9.1-cp313-cp313-manylinux2014_ppc64le.manylinux_2_17_ppc64le.manylinux_2_28_ppc64le.whl", hash = "sha256:bcb89c02a0d6c2bec9b0bb2d8c78782699afe8434493bfa6b4021cc51503f249", size = 862586, upload-time = "2025-09-01T22:09:04.322Z" },
    { url = "https://files.pythonhosted.org/packages/fd/b8/82ffbe9c0992c31bbe6ae1c4b4e21269a5df2559102b90543c9b56724c3c/regex-2025.9.1-cp313-cp313-manylinux2014_s390x.manylinux_2_17_s390x.manylinux_2_28_s390x.whl", hash = "sha256:b0e2f95413eb0c651cd1516a670036315b91b71767af83bc8525350d4375ccba", size = 910815, upload-time = "2025-09-01T22:09:05.978Z" },
    { url = "https://files.pythonhosted.org/packages/2f/d8/7303ea38911759c1ee30cc5bc623ee85d3196b733c51fd6703c34290a8d9/regex-2025.9.1-cp313-cp313-manylinux2014_x86_64.manylinux_2_17_x86_64.manylinux_2_28_x86_64.whl", hash = "sha256:09a41dc039e1c97d3c2ed3e26523f748e58c4de3ea7a31f95e1cf9ff973fff5a", size = 802042, upload-time = "2025-09-01T22:09:07.865Z" },
    { url = "https://files.pythonhosted.org/packages/fc/0e/6ad51a55ed4b5af512bb3299a05d33309bda1c1d1e1808fa869a0bed31bc/regex-2025.9.1-cp313-cp313-musllinux_1_2_aarch64.whl", hash = "sha256:4f0b4258b161094f66857a26ee938d3fe7b8a5063861e44571215c44fbf0e5df", size = 786764, upload-time = "2025-09-01T22:09:09.362Z" },
    { url = "https://files.pythonhosted.org/packages/8d/d5/394e3ffae6baa5a9217bbd14d96e0e5da47bb069d0dbb8278e2681a2b938/regex-2025.9.1-cp313-cp313-musllinux_1_2_ppc64le.whl", hash = "sha256:bf70e18ac390e6977ea7e56f921768002cb0fa359c4199606c7219854ae332e0", size = 856557, upload-time = "2025-09-01T22:09:11.129Z" },
    { url = "https://files.pythonhosted.org/packages/cd/80/b288d3910c41194ad081b9fb4b371b76b0bbfdce93e7709fc98df27b37dc/regex-2025.9.1-cp313-cp313-musllinux_1_2_s390x.whl", hash = "sha256:b84036511e1d2bb0a4ff1aec26951caa2dea8772b223c9e8a19ed8885b32dbac", size = 849108, upload-time = "2025-09-01T22:09:12.877Z" },
    { url = "https://files.pythonhosted.org/packages/d1/cd/5ec76bf626d0d5abdc277b7a1734696f5f3d14fbb4a3e2540665bc305d85/regex-2025.9.1-cp313-cp313-musllinux_1_2_x86_64.whl", hash = "sha256:c2e05dcdfe224047f2a59e70408274c325d019aad96227ab959403ba7d58d2d7", size = 788201, upload-time = "2025-09-01T22:09:14.561Z" },
    { url = "https://files.pythonhosted.org/packages/b5/36/674672f3fdead107565a2499f3007788b878188acec6d42bc141c5366c2c/regex-2025.9.1-cp313-cp313-win32.whl", hash = "sha256:3b9a62107a7441b81ca98261808fed30ae36ba06c8b7ee435308806bd53c1ed8", size = 264508, upload-time = "2025-09-01T22:09:16.193Z" },
    { url = "https://files.pythonhosted.org/packages/83/ad/931134539515eb64ce36c24457a98b83c1b2e2d45adf3254b94df3735a76/regex-2025.9.1-cp313-cp313-win_amd64.whl", hash = "sha256:b38afecc10c177eb34cfae68d669d5161880849ba70c05cbfbe409f08cc939d7", size = 275469, upload-time = "2025-09-01T22:09:17.462Z" },
    { url = "https://files.pythonhosted.org/packages/24/8c/96d34e61c0e4e9248836bf86d69cb224fd222f270fa9045b24e218b65604/regex-2025.9.1-cp313-cp313-win_arm64.whl", hash = "sha256:ec329890ad5e7ed9fc292858554d28d58d56bf62cf964faf0aa57964b21155a0", size = 268586, upload-time = "2025-09-01T22:09:18.948Z" },
    { url = "https://files.pythonhosted.org/packages/21/b1/453cbea5323b049181ec6344a803777914074b9726c9c5dc76749966d12d/regex-2025.9.1-cp314-cp314-macosx_10_13_universal2.whl", hash = "sha256:72fb7a016467d364546f22b5ae86c45680a4e0de6b2a6f67441d22172ff641f1", size = 486111, upload-time = "2025-09-01T22:09:20.734Z" },
    { url = "https://files.pythonhosted.org/packages/f6/0e/92577f197bd2f7652c5e2857f399936c1876978474ecc5b068c6d8a79c86/regex-2025.9.1-cp314-cp314-macosx_10_13_x86_64.whl", hash = "sha256:c9527fa74eba53f98ad86be2ba003b3ebe97e94b6eb2b916b31b5f055622ef03", size = 289520, upload-time = "2025-09-01T22:09:22.249Z" },
    { url = "https://files.pythonhosted.org/packages/af/c6/b472398116cca7ea5a6c4d5ccd0fc543f7fd2492cb0c48d2852a11972f73/regex-2025.9.1-cp314-cp314-macosx_11_0_arm64.whl", hash = "sha256:c905d925d194c83a63f92422af7544ec188301451b292c8b487f0543726107ca", size = 287215, upload-time = "2025-09-01T22:09:23.657Z" },
    { url = "https://files.pythonhosted.org/packages/cf/11/f12ecb0cf9ca792a32bb92f758589a84149017467a544f2f6bfb45c0356d/regex-2025.9.1-cp314-cp314-manylinux2014_aarch64.manylinux_2_17_aarch64.manylinux_2_28_aarch64.whl", hash = "sha256:74df7c74a63adcad314426b1f4ea6054a5ab25d05b0244f0c07ff9ce640fa597", size = 797855, upload-time = "2025-09-01T22:09:25.197Z" },
    { url = "https://files.pythonhosted.org/packages/46/88/bbb848f719a540fb5997e71310f16f0b33a92c5d4b4d72d4311487fff2a3/regex-2025.9.1-cp314-cp314-manylinux2014_ppc64le.manylinux_2_17_ppc64le.manylinux_2_28_ppc64le.whl", hash = "sha256:4f6e935e98ea48c7a2e8be44494de337b57a204470e7f9c9c42f912c414cd6f5", size = 863363, upload-time = "2025-09-01T22:09:26.705Z" },
    { url = "https://files.pythonhosted.org/packages/54/a9/2321eb3e2838f575a78d48e03c1e83ea61bd08b74b7ebbdeca8abc50fc25/regex-2025.9.1-cp314-cp314-manylinux2014_s390x.manylinux_2_17_s390x.manylinux_2_28_s390x.whl", hash = "sha256:4a62d033cd9ebefc7c5e466731a508dfabee827d80b13f455de68a50d3c2543d", size = 910202, upload-time = "2025-09-01T22:09:28.906Z" },
    { url = "https://files.pythonhosted.org/packages/33/07/d1d70835d7d11b7e126181f316f7213c4572ecf5c5c97bdbb969fb1f38a2/regex-2025.9.1-cp314-cp314-manylinux2014_x86_64.manylinux_2_17_x86_64.manylinux_2_28_x86_64.whl", hash = "sha256:ef971ebf2b93bdc88d8337238be4dfb851cc97ed6808eb04870ef67589415171", size = 801808, upload-time = "2025-09-01T22:09:30.733Z" },
    { url = "https://files.pythonhosted.org/packages/13/d1/29e4d1bed514ef2bf3a4ead3cb8bb88ca8af94130239a4e68aa765c35b1c/regex-2025.9.1-cp314-cp314-musllinux_1_2_aarch64.whl", hash = "sha256:d936a1db208bdca0eca1f2bb2c1ba1d8370b226785c1e6db76e32a228ffd0ad5", size = 786824, upload-time = "2025-09-01T22:09:32.61Z" },
    { url = "https://files.pythonhosted.org/packages/33/27/20d8ccb1bee460faaa851e6e7cc4cfe852a42b70caa1dca22721ba19f02f/regex-2025.9.1-cp314-cp314-musllinux_1_2_ppc64le.whl", hash = "sha256:7e786d9e4469698fc63815b8de08a89165a0aa851720eb99f5e0ea9d51dd2b6a", size = 857406, upload-time = "2025-09-01T22:09:34.117Z" },
    { url = "https://files.pythonhosted.org/packages/74/fe/60c6132262dc36430d51e0c46c49927d113d3a38c1aba6a26c7744c84cf3/regex-2025.9.1-cp314-cp314-musllinux_1_2_s390x.whl", hash = "sha256:6b81d7dbc5466ad2c57ce3a0ddb717858fe1a29535c8866f8514d785fdb9fc5b", size = 848593, upload-time = "2025-09-01T22:09:35.598Z" },
    { url = "https://files.pythonhosted.org/packages/cc/ae/2d4ff915622fabbef1af28387bf71e7f2f4944a348b8460d061e85e29bf0/regex-2025.9.1-cp314-cp314-musllinux_1_2_x86_64.whl", hash = "sha256:cd4890e184a6feb0ef195338a6ce68906a8903a0f2eb7e0ab727dbc0a3156273", size = 787951, upload-time = "2025-09-01T22:09:37.139Z" },
    { url = "https://files.pythonhosted.org/packages/85/37/dc127703a9e715a284cc2f7dbdd8a9776fd813c85c126eddbcbdd1ca5fec/regex-2025.9.1-cp314-cp314-win32.whl", hash = "sha256:34679a86230e46164c9e0396b56cab13c0505972343880b9e705083cc5b8ec86", size = 269833, upload-time = "2025-09-01T22:09:39.245Z" },
    { url = "https://files.pythonhosted.org/packages/83/bf/4bed4d3d0570e16771defd5f8f15f7ea2311edcbe91077436d6908956c4a/regex-2025.9.1-cp314-cp314-win_amd64.whl", hash = "sha256:a1196e530a6bfa5f4bde029ac5b0295a6ecfaaffbfffede4bbaf4061d9455b70", size = 278742, upload-time = "2025-09-01T22:09:40.651Z" },
    { url = "https://files.pythonhosted.org/packages/cf/3e/7d7ac6fd085023312421e0d69dfabdfb28e116e513fadbe9afe710c01893/regex-2025.9.1-cp314-cp314-win_arm64.whl", hash = "sha256:f46d525934871ea772930e997d577d48c6983e50f206ff7b66d4ac5f8941e993", size = 271860, upload-time = "2025-09-01T22:09:42.413Z" },
]

[[package]]
name = "rich"
version = "14.1.0"
source = { registry = "https://pypi.org/simple" }
dependencies = [
    { name = "markdown-it-py" },
    { name = "pygments" },
]
sdist = { url = "https://files.pythonhosted.org/packages/fe/75/af448d8e52bf1d8fa6a9d089ca6c07ff4453d86c65c145d0a300bb073b9b/rich-14.1.0.tar.gz", hash = "sha256:e497a48b844b0320d45007cdebfeaeed8db2a4f4bcf49f15e455cfc4af11eaa8", size = 224441, upload-time = "2025-07-25T07:32:58.125Z" }
wheels = [
    { url = "https://files.pythonhosted.org/packages/e3/30/3c4d035596d3cf444529e0b2953ad0466f6049528a879d27534700580395/rich-14.1.0-py3-none-any.whl", hash = "sha256:536f5f1785986d6dbdea3c75205c473f970777b4a0d6c6dd1b696aa05a3fa04f", size = 243368, upload-time = "2025-07-25T07:32:56.73Z" },
]

[[package]]
name = "shellingham"
version = "1.5.4"
source = { registry = "https://pypi.org/simple" }
sdist = { url = "https://files.pythonhosted.org/packages/58/15/8b3609fd3830ef7b27b655beb4b4e9c62313a4e8da8c676e142cc210d58e/shellingham-1.5.4.tar.gz", hash = "sha256:8dbca0739d487e5bd35ab3ca4b36e11c4078f3a234bfce294b0a0291363404de", size = 10310, upload-time = "2023-10-24T04:13:40.426Z" }
wheels = [
    { url = "https://files.pythonhosted.org/packages/e0/f9/0595336914c5619e5f28a1fb793285925a8cd4b432c9da0a987836c7f822/shellingham-1.5.4-py2.py3-none-any.whl", hash = "sha256:7ecfff8f2fd72616f7481040475a65b2bf8af90a56c89140852d1120324e8686", size = 9755, upload-time = "2023-10-24T04:13:38.866Z" },
]

[[package]]
name = "toml-cli"
version = "0.8.2"
source = { registry = "https://pypi.org/simple" }
dependencies = [
    { name = "jmespath" },
    { name = "regex" },
    { name = "tomlkit" },
    { name = "typer" },
]
sdist = { url = "https://files.pythonhosted.org/packages/aa/2d/24de54996541a3355d6a90e08dbe8526771434941e410ef91c5422517e7b/toml_cli-0.8.2.tar.gz", hash = "sha256:ec61fbfe5f0d6f2d6bfd9e1127cad38a797b8685a93589f2e22efd168b0cc866", size = 25295, upload-time = "2025-09-12T19:00:33.307Z" }
wheels = [
    { url = "https://files.pythonhosted.org/packages/d2/b8/f0b9b880c03a3db8eaff63d76ca751ac7d8e45483fb7a0bb9f8e5c6ce433/toml_cli-0.8.2-py3-none-any.whl", hash = "sha256:7af4679ca04c53ad0f6d300dab26f45a78fedf88e8310305bfe0a8ead37fd000", size = 7432, upload-time = "2025-09-12T19:00:32.282Z" },
]

[[package]]
name = "tomlkit"
version = "0.13.3"
source = { registry = "https://pypi.org/simple" }
sdist = { url = "https://files.pythonhosted.org/packages/cc/18/0bbf3884e9eaa38819ebe46a7bd25dcd56b67434402b66a58c4b8e552575/tomlkit-0.13.3.tar.gz", hash = "sha256:430cf247ee57df2b94ee3fbe588e71d362a941ebb545dec29b53961d61add2a1", size = 185207, upload-time = "2025-06-05T07:13:44.947Z" }
wheels = [
    { url = "https://files.pythonhosted.org/packages/bd/75/8539d011f6be8e29f339c42e633aae3cb73bffa95dd0f9adec09b9c58e85/tomlkit-0.13.3-py3-none-any.whl", hash = "sha256:c89c649d79ee40629a9fda55f8ace8c6a1b42deb912b2a8fd8d942ddadb606b0", size = 38901, upload-time = "2025-06-05T07:13:43.546Z" },
]

[[package]]
name = "typer"
version = "0.17.4"
source = { registry = "https://pypi.org/simple" }
dependencies = [
    { name = "click" },
    { name = "rich" },
    { name = "shellingham" },
    { name = "typing-extensions" },
]
sdist = { url = "https://files.pythonhosted.org/packages/92/e8/2a73ccf9874ec4c7638f172efc8972ceab13a0e3480b389d6ed822f7a822/typer-0.17.4.tar.gz", hash = "sha256:b77dc07d849312fd2bb5e7f20a7af8985c7ec360c45b051ed5412f64d8dc1580", size = 103734, upload-time = "2025-09-05T18:14:40.746Z" }
wheels = [
    { url = "https://files.pythonhosted.org/packages/93/72/6b3e70d32e89a5cbb6a4513726c1ae8762165b027af569289e19ec08edd8/typer-0.17.4-py3-none-any.whl", hash = "sha256:015534a6edaa450e7007eba705d5c18c3349dcea50a6ad79a5ed530967575824", size = 46643, upload-time = "2025-09-05T18:14:39.166Z" },
]

[[package]]
name = "typing-extensions"
version = "4.15.0"
source = { registry = "https://pypi.org/simple" }
sdist = { url = "https://files.pythonhosted.org/packages/72/94/1a15dd82efb362ac84269196e94cf00f187f7ed21c242792a923cdb1c61f/typing_extensions-4.15.0.tar.gz", hash = "sha256:0cea48d173cc12fa28ecabc3b837ea3cf6f38c6d1136f85cbaaf598984861466", size = 109391, upload-time = "2025-08-25T13:49:26.313Z" }
wheels = [
    { url = "https://files.pythonhosted.org/packages/18/67/36e9267722cc04a6b9f15c7f3441c2363321a3ea07da7ae0c0707beb2a9c/typing_extensions-4.15.0-py3-none-any.whl", hash = "sha256:f0fa19c6845758ab08074a0cfa8b7aecb71c999ca73d62883bc25cc018c4e548", size = 44614, upload-time = "2025-08-25T13:49:24.86Z" },
]
